{
  "name": "kraken-demo",
  "version": "0.1.0",
  "lockfileVersion": 3,
  "requires": true,
  "packages": {
    "": {
      "name": "kraken-demo",
      "version": "0.1.0",
      "dependencies": {
        "kraken-node": "file:../../"
      }
    },
    "../..": {
      "name": "kraken-node",
      "version": "1.0.24",
      "license": "ISC",
      "dependencies": {
        "@cucumber/cucumber": "7.2.1",
        "@faker-js/faker": "^6.0.0-alpha.3",
        "@types/glob": "^7.1.3",
        "ejs": "^3.1.6",
        "glob": "^7.1.7",
        "pdfkit": "^0.17.1",
        "portfinder": "^1.0.28",
        "ts-node": "^9.1.1",
        "webdriverio": "^7.5.7"
      },
      "bin": {
        "kraken-node": "bin/kraken-node"
      },
      "devDependencies": {
        "@types/ejs": "^3.1.5",
        "@types/fs-extra": "^9.0.11",
        "@types/pdfkit": "^0.17.2"
      }
    },
    "node_modules/kraken-node": {
      "resolved": "../..",
      "link": true
    }
  }
}
